
Microsoft Visual Studio Solution File, Format Version 12.00
# Visual Studio 2013
VisualStudioVersion = 12.0.30110.0
MinimumVisualStudioVersion = 10.0.40219.1
Project("{2150E333-8FDC-42A3-9474-1A3956D46DE8}") = "Samples", "Samples", "{B558A4E9-8058-48C5-8BC4-0518755A5385}"
EndProject
Project("{FAE04EC0-301F-11D3-BF4B-00C04F79EFBC}") = "Consolas.Core", "ConsoleApp.Core\Consolas.Core.csproj", "{D5234497-2F14-45D8-A896-ECAA18C20EFF}"
EndProject
Project("{FAE04EC0-301F-11D3-BF4B-00C04F79EFBC}") = "Consolas.Core.Tests", "UnitTests\ConsoleApp.Core.Tests\Consolas.Core.Tests.csproj", "{D423725D-FCE3-4932-90AA-99ED4F007772}"
EndProject
Project("{2150E333-8FDC-42A3-9474-1A3956D46DE8}") = "UnitTests", "UnitTests", "{01DACA3E-6114-4758-97A5-DD79108D61A2}"
EndProject
Project("{2150E333-8FDC-42A3-9474-1A3956D46DE8}") = "Grep", "Grep", "{4E8F5190-B58B-4049-8A60-71E48646654E}"
EndProject
Project("{FAE04EC0-301F-11D3-BF4B-00C04F79EFBC}") = "Samples.Grep", "Samples\Samples.Grep\Samples.Grep.csproj", "{0A42770C-86D6-4A75-BA7F-B1EC1CBA5008}"
EndProject
Project("{FAE04EC0-301F-11D3-BF4B-00C04F79EFBC}") = "Samples.Grep.Tests", "UnitTests\Samples\Samples.Grep.Tests\Samples.Grep.Tests.csproj", "{146B2CC9-8DE4-4C0A-A8F2-A9779A9F699F}"
EndProject
Project("{FAE04EC0-301F-11D3-BF4B-00C04F79EFBC}") = "Samples.Ping", "Samples\Samples.Ping\Samples.Ping.csproj", "{E19F555A-6E76-4B70-8184-E3EE2F4D65F8}"
EndProject
Project("{2150E333-8FDC-42A3-9474-1A3956D46DE8}") = "Ping", "Ping", "{82DA1018-838C-4087-A12B-124BB89CA500}"
EndProject
Project("{FAE04EC0-301F-11D3-BF4B-00C04F79EFBC}") = "Samples.Ping.Tests", "UnitTests\Samples\Samples.Ping.Tests\Samples.Ping.Tests.csproj", "{7AF6841A-1C4C-427E-9E7B-01954EEF82DC}"
EndProject
Project("{FAE04EC0-301F-11D3-BF4B-00C04F79EFBC}") = "Consolas.Razor", "Consolas.Razor\Consolas.Razor.csproj", "{22A5766C-CDDA-4C01-BB23-D907918E9009}"
EndProject
Project("{FAE04EC0-301F-11D3-BF4B-00C04F79EFBC}") = "Consolas.Razor.Tests", "UnitTests\Consolas.Razor.Tests\Consolas.Razor.Tests.csproj", "{C4AEE2FF-4ED8-49A3-BB89-E44CF29E6C1A}"
EndProject
Project("{2150E333-8FDC-42A3-9474-1A3956D46DE8}") = ".nuget", ".nuget", "{269A1604-3C49-42ED-A626-9EF8EEC05740}"
	ProjectSection(SolutionItems) = preProject
		.nuget\NuGet.Config = .nuget\NuGet.Config
		.nuget\NuGet.exe = .nuget\NuGet.exe
		.nuget\NuGet.targets = .nuget\NuGet.targets
		.nuget\packages.config = .nuget\packages.config
	EndProjectSection
EndProject
Project("{2150E333-8FDC-42A3-9474-1A3956D46DE8}") = "NuGet", "NuGet", "{9A46A4C5-BF86-4DF7-81E3-F7BD712F8557}"
	ProjectSection(SolutionItems) = preProject
		..\NuGet\NuGetPack.bat = ..\NuGet\NuGetPack.bat
		..\NuGet\NuGetPush.bat = ..\NuGet\NuGetPush.bat
	EndProjectSection
EndProject
Project("{2150E333-8FDC-42A3-9474-1A3956D46DE8}") = "build", "build", "{68FA68A2-CDD9-479A-BD4A-6A1E5449263D}"
	ProjectSection(SolutionItems) = preProject
		..\build\build.msbuild = ..\build\build.msbuild
	EndProjectSection
EndProject
Project("{2150E333-8FDC-42A3-9474-1A3956D46DE8}") = "Consolas", "Consolas", "{3C22E34F-DC5E-406E-B97F-0CAE06329351}"
	ProjectSection(SolutionItems) = preProject
		..\NuGet\Consolas\Consolas.nuspec = ..\NuGet\Consolas\Consolas.nuspec
	EndProjectSection
EndProject
Project("{2150E333-8FDC-42A3-9474-1A3956D46DE8}") = "content", "content", "{59DDE60B-EED5-405F-8995-A5A77D3E7725}"
EndProject
Project("{2150E333-8FDC-42A3-9474-1A3956D46DE8}") = "Commands", "Commands", "{58D3229F-62A3-45B4-87C9-67910A298B97}"
	ProjectSection(SolutionItems) = preProject
		..\NuGet\Consolas\content\Commands\HelpCommand.cs.pp = ..\NuGet\Consolas\content\Commands\HelpCommand.cs.pp
	EndProjectSection
EndProject
Project("{2150E333-8FDC-42A3-9474-1A3956D46DE8}") = "Args", "Args", "{262B4656-853D-403E-AA71-DA9802A7ABFE}"
	ProjectSection(SolutionItems) = preProject
		..\NuGet\Consolas\content\Args\HelpArgs.cs.pp = ..\NuGet\Consolas\content\Args\HelpArgs.cs.pp
	EndProjectSection
EndProject
Project("{2150E333-8FDC-42A3-9474-1A3956D46DE8}") = "Consolas.Razor", "Consolas.Razor", "{7FEF00C0-06AD-4F97-A55C-843D1B34F87E}"
	ProjectSection(SolutionItems) = preProject
		..\NuGet\Consolas.Razor\Consolas.Razor.nuspec = ..\NuGet\Consolas.Razor\Consolas.Razor.nuspec
	EndProjectSection
EndProject
Global
	GlobalSection(SolutionConfigurationPlatforms) = preSolution
		Debug|Any CPU = Debug|Any CPU
		Release|Any CPU = Release|Any CPU
	EndGlobalSection
	GlobalSection(ProjectConfigurationPlatforms) = postSolution
		{D5234497-2F14-45D8-A896-ECAA18C20EFF}.Debug|Any CPU.ActiveCfg = Debug|Any CPU
		{D5234497-2F14-45D8-A896-ECAA18C20EFF}.Debug|Any CPU.Build.0 = Debug|Any CPU
		{D5234497-2F14-45D8-A896-ECAA18C20EFF}.Release|Any CPU.ActiveCfg = Release|Any CPU
		{D5234497-2F14-45D8-A896-ECAA18C20EFF}.Release|Any CPU.Build.0 = Release|Any CPU
		{D423725D-FCE3-4932-90AA-99ED4F007772}.Debug|Any CPU.ActiveCfg = Debug|Any CPU
		{D423725D-FCE3-4932-90AA-99ED4F007772}.Debug|Any CPU.Build.0 = Debug|Any CPU
		{D423725D-FCE3-4932-90AA-99ED4F007772}.Release|Any CPU.ActiveCfg = Release|Any CPU
		{D423725D-FCE3-4932-90AA-99ED4F007772}.Release|Any CPU.Build.0 = Release|Any CPU
		{0A42770C-86D6-4A75-BA7F-B1EC1CBA5008}.Debug|Any CPU.ActiveCfg = Debug|Any CPU
		{0A42770C-86D6-4A75-BA7F-B1EC1CBA5008}.Debug|Any CPU.Build.0 = Debug|Any CPU
		{0A42770C-86D6-4A75-BA7F-B1EC1CBA5008}.Release|Any CPU.ActiveCfg = Release|Any CPU
		{0A42770C-86D6-4A75-BA7F-B1EC1CBA5008}.Release|Any CPU.Build.0 = Release|Any CPU
		{146B2CC9-8DE4-4C0A-A8F2-A9779A9F699F}.Debug|Any CPU.ActiveCfg = Debug|Any CPU
		{146B2CC9-8DE4-4C0A-A8F2-A9779A9F699F}.Debug|Any CPU.Build.0 = Debug|Any CPU
		{146B2CC9-8DE4-4C0A-A8F2-A9779A9F699F}.Release|Any CPU.ActiveCfg = Release|Any CPU
		{146B2CC9-8DE4-4C0A-A8F2-A9779A9F699F}.Release|Any CPU.Build.0 = Release|Any CPU
		{E19F555A-6E76-4B70-8184-E3EE2F4D65F8}.Debug|Any CPU.ActiveCfg = Debug|Any CPU
		{E19F555A-6E76-4B70-8184-E3EE2F4D65F8}.Debug|Any CPU.Build.0 = Debug|Any CPU
		{E19F555A-6E76-4B70-8184-E3EE2F4D65F8}.Release|Any CPU.ActiveCfg = Release|Any CPU
		{E19F555A-6E76-4B70-8184-E3EE2F4D65F8}.Release|Any CPU.Build.0 = Release|Any CPU
		{7AF6841A-1C4C-427E-9E7B-01954EEF82DC}.Debug|Any CPU.ActiveCfg = Debug|Any CPU
		{7AF6841A-1C4C-427E-9E7B-01954EEF82DC}.Debug|Any CPU.Build.0 = Debug|Any CPU
		{7AF6841A-1C4C-427E-9E7B-01954EEF82DC}.Release|Any CPU.ActiveCfg = Release|Any CPU
		{7AF6841A-1C4C-427E-9E7B-01954EEF82DC}.Release|Any CPU.Build.0 = Release|Any CPU
		{22A5766C-CDDA-4C01-BB23-D907918E9009}.Debug|Any CPU.ActiveCfg = Debug|Any CPU
		{22A5766C-CDDA-4C01-BB23-D907918E9009}.Debug|Any CPU.Build.0 = Debug|Any CPU
		{22A5766C-CDDA-4C01-BB23-D907918E9009}.Release|Any CPU.ActiveCfg = Release|Any CPU
		{22A5766C-CDDA-4C01-BB23-D907918E9009}.Release|Any CPU.Build.0 = Release|Any CPU
		{C4AEE2FF-4ED8-49A3-BB89-E44CF29E6C1A}.Debug|Any CPU.ActiveCfg = Debug|Any CPU
		{C4AEE2FF-4ED8-49A3-BB89-E44CF29E6C1A}.Debug|Any CPU.Build.0 = Debug|Any CPU
		{C4AEE2FF-4ED8-49A3-BB89-E44CF29E6C1A}.Release|Any CPU.ActiveCfg = Release|Any CPU
		{C4AEE2FF-4ED8-49A3-BB89-E44CF29E6C1A}.Release|Any CPU.Build.0 = Release|Any CPU
	EndGlobalSection
	GlobalSection(SolutionProperties) = preSolution
		HideSolutionNode = FALSE
	EndGlobalSection
	GlobalSection(NestedProjects) = preSolution
		{4E8F5190-B58B-4049-8A60-71E48646654E} = {B558A4E9-8058-48C5-8BC4-0518755A5385}
		{82DA1018-838C-4087-A12B-124BB89CA500} = {B558A4E9-8058-48C5-8BC4-0518755A5385}
		{D423725D-FCE3-4932-90AA-99ED4F007772} = {01DACA3E-6114-4758-97A5-DD79108D61A2}
		{C4AEE2FF-4ED8-49A3-BB89-E44CF29E6C1A} = {01DACA3E-6114-4758-97A5-DD79108D61A2}
		{0A42770C-86D6-4A75-BA7F-B1EC1CBA5008} = {4E8F5190-B58B-4049-8A60-71E48646654E}
		{146B2CC9-8DE4-4C0A-A8F2-A9779A9F699F} = {4E8F5190-B58B-4049-8A60-71E48646654E}
		{E19F555A-6E76-4B70-8184-E3EE2F4D65F8} = {82DA1018-838C-4087-A12B-124BB89CA500}
		{7AF6841A-1C4C-427E-9E7B-01954EEF82DC} = {82DA1018-838C-4087-A12B-124BB89CA500}
		{3C22E34F-DC5E-406E-B97F-0CAE06329351} = {9A46A4C5-BF86-4DF7-81E3-F7BD712F8557}
		{7FEF00C0-06AD-4F97-A55C-843D1B34F87E} = {9A46A4C5-BF86-4DF7-81E3-F7BD712F8557}
		{59DDE60B-EED5-405F-8995-A5A77D3E7725} = {3C22E34F-DC5E-406E-B97F-0CAE06329351}
		{58D3229F-62A3-45B4-87C9-67910A298B97} = {59DDE60B-EED5-405F-8995-A5A77D3E7725}
		{262B4656-853D-403E-AA71-DA9802A7ABFE} = {59DDE60B-EED5-405F-8995-A5A77D3E7725}
	EndGlobalSection
EndGlobal
